
Microsoft Visual Studio Solution File, Format Version 12.00
# Visual Studio Version 17
VisualStudioVersion = 17.4.33122.133
MinimumVisualStudioVersion = 10.0.40219.1
Project("{FAE04EC0-301F-11D3-BF4B-00C04F79EFBC}") = "WebApıCRUD", "WebApıCRUD\WebApıCRUD.csproj", "{79AEECE2-EE6B-40CB-BD7E-72A2A3F9805D}"
EndProject
Global
	GlobalSection(SolutionConfigurationPlatforms) = preSolution
		Debug|Any CPU = Debug|Any CPU
		Release|Any CPU = Release|Any CPU
	EndGlobalSection
	GlobalSection(ProjectConfigurationPlatforms) = postSolution
		{79AEECE2-EE6B-40CB-BD7E-72A2A3F9805D}.Debug|Any CPU.ActiveCfg = Debug|Any CPU
		{79AEECE2-EE6B-40CB-BD7E-72A2A3F9805D}.Debug|Any CPU.Build.0 = Debug|Any CPU
		{79AEECE2-EE6B-40CB-BD7E-72A2A3F9805D}.Release|Any CPU.ActiveCfg = Release|Any CPU
		{79AEECE2-EE6B-40CB-BD7E-72A2A3F9805D}.Release|Any CPU.Build.0 = Release|Any CPU
	EndGlobalSection
	GlobalSection(SolutionProperties) = preSolution
		HideSolutionNode = FALSE
	EndGlobalSection
	GlobalSection(ExtensibilityGlobals) = postSolution
		SolutionGuid = {25E02FDD-496A-400C-BF13-6E67D4A6CE1E}
	EndGlobalSection
EndGlobal
